
Microsoft Visual Studio Solution File, Format Version 12.00
# Visual Studio 14
VisualStudioVersion = 14.0.23107.0
MinimumVisualStudioVersion = 10.0.40219.1
Project("{FAE04EC0-301F-11D3-BF4B-00C04F79EFBC}") = "DataLayer", "DataLayer\DataLayer.csproj", "{1D9D1079-1A09-484D-8691-A3D62BA6BB30}"
EndProject
Project("{FAE04EC0-301F-11D3-BF4B-00C04F79EFBC}") = "VideoRental", "VideoRental\VideoRental.csproj", "{74DCD563-E5AA-43C3-B017-25B753C85674}"
EndProject
Project("{FAE04EC0-301F-11D3-BF4B-00C04F79EFBC}") = "BusinessLayer", "Business Layer\BusinessLayer.csproj", "{BC9486E4-1DA1-484A-9B2A-7CA712497A78}"
EndProject
Global
	GlobalSection(SolutionConfigurationPlatforms) = preSolution
		Debug|Any CPU = Debug|Any CPU
		Release|Any CPU = Release|Any CPU
	EndGlobalSection
	GlobalSection(ProjectConfigurationPlatforms) = postSolution
		{1D9D1079-1A09-484D-8691-A3D62BA6BB30}.Debug|Any CPU.ActiveCfg = Debug|Any CPU
		{1D9D1079-1A09-484D-8691-A3D62BA6BB30}.Debug|Any CPU.Build.0 = Debug|Any CPU
		{1D9D1079-1A09-484D-8691-A3D62BA6BB30}.Release|Any CPU.ActiveCfg = Release|Any CPU
		{1D9D1079-1A09-484D-8691-A3D62BA6BB30}.Release|Any CPU.Build.0 = Release|Any CPU
		{74DCD563-E5AA-43C3-B017-25B753C85674}.Debug|Any CPU.ActiveCfg = Debug|Any CPU
		{74DCD563-E5AA-43C3-B017-25B753C85674}.Debug|Any CPU.Build.0 = Debug|Any CPU
		{74DCD563-E5AA-43C3-B017-25B753C85674}.Release|Any CPU.ActiveCfg = Release|Any CPU
		{74DCD563-E5AA-43C3-B017-25B753C85674}.Release|Any CPU.Build.0 = Release|Any CPU
		{BC9486E4-1DA1-484A-9B2A-7CA712497A78}.Debug|Any CPU.ActiveCfg = Debug|Any CPU
		{BC9486E4-1DA1-484A-9B2A-7CA712497A78}.Debug|Any CPU.Build.0 = Debug|Any CPU
		{BC9486E4-1DA1-484A-9B2A-7CA712497A78}.Release|Any CPU.ActiveCfg = Release|Any CPU
		{BC9486E4-1DA1-484A-9B2A-7CA712497A78}.Release|Any CPU.Build.0 = Release|Any CPU
	EndGlobalSection
	GlobalSection(SolutionProperties) = preSolution
		HideSolutionNode = FALSE
	EndGlobalSection
	GlobalSection(TeamFoundationVersionControl) = preSolution
		SccNumberOfProjects = 4
		SccEnterpriseProvider = {4CA58AB2-18FA-4F8D-95D4-32DDF27D184C}
		SccTeamFoundationServer = https://codeinprogress.visualstudio.com/defaultcollection
		SccLocalPath0 = .
		SccProjectUniqueName1 = DataLayer\\DataLayer.csproj
		SccProjectName1 = DataLayer
		SccLocalPath1 = DataLayer
		SccProjectUniqueName2 = VideoRental\\VideoRental.csproj
		SccProjectName2 = VideoRental
		SccLocalPath2 = VideoRental
		SccProjectUniqueName3 = Business\u0020Layer\\BusinessLayer.csproj
		SccProjectName3 = Business\u0020Layer
		SccLocalPath3 = Business\u0020Layer
	EndGlobalSection
EndGlobal
